
Microsoft Visual Studio Solution File, Format Version 12.00
# Visual Studio Version 16
VisualStudioVersion = 16.0.31624.102
MinimumVisualStudioVersion = 10.0.40219.1
Project("{FAE04EC0-301F-11D3-BF4B-00C04F79EFBC}") = "bai1", "bai1.csproj", "{00F2E447-A83B-45F7-A88D-60D08D766E89}"
EndProject
Global
	GlobalSection(SolutionConfigurationPlatforms) = preSolution
		Debug|Any CPU = Debug|Any CPU
		Release|Any CPU = Release|Any CPU
	EndGlobalSection
	GlobalSection(ProjectConfigurationPlatforms) = postSolution
		{00F2E447-A83B-45F7-A88D-60D08D766E89}.Debug|Any CPU.ActiveCfg = Debug|Any CPU
		{00F2E447-A83B-45F7-A88D-60D08D766E89}.Debug|Any CPU.Build.0 = Debug|Any CPU
		{00F2E447-A83B-45F7-A88D-60D08D766E89}.Release|Any CPU.ActiveCfg = Release|Any CPU
		{00F2E447-A83B-45F7-A88D-60D08D766E89}.Release|Any CPU.Build.0 = Release|Any CPU
	EndGlobalSection
	GlobalSection(SolutionProperties) = preSolution
		HideSolutionNode = FALSE
	EndGlobalSection
	GlobalSection(ExtensibilityGlobals) = postSolution
		SolutionGuid = {9FB31081-A216-40AA-B8E8-D9F0CB4E5AF0}
	EndGlobalSection
EndGlobal
