
Microsoft Visual Studio Solution File, Format Version 12.00
# Visual Studio Version 17
VisualStudioVersion = 17.5.33502.453
MinimumVisualStudioVersion = 10.0.40219.1
Project("{FAE04EC0-301F-11D3-BF4B-00C04F79EFBC}") = "Formcoban", "Formcoban.csproj", "{D456D2F0-CE76-4B0B-B6A5-CA80EDF8E655}"
EndProject
Global
	GlobalSection(SolutionConfigurationPlatforms) = preSolution
		Debug|Any CPU = Debug|Any CPU
		Release|Any CPU = Release|Any CPU
	EndGlobalSection
	GlobalSection(ProjectConfigurationPlatforms) = postSolution
		{D456D2F0-CE76-4B0B-B6A5-CA80EDF8E655}.Debug|Any CPU.ActiveCfg = Debug|Any CPU
		{D456D2F0-CE76-4B0B-B6A5-CA80EDF8E655}.Debug|Any CPU.Build.0 = Debug|Any CPU
		{D456D2F0-CE76-4B0B-B6A5-CA80EDF8E655}.Release|Any CPU.ActiveCfg = Release|Any CPU
		{D456D2F0-CE76-4B0B-B6A5-CA80EDF8E655}.Release|Any CPU.Build.0 = Release|Any CPU
	EndGlobalSection
	GlobalSection(SolutionProperties) = preSolution
		HideSolutionNode = FALSE
	EndGlobalSection
	GlobalSection(ExtensibilityGlobals) = postSolution
		SolutionGuid = {E457CA1F-84F5-40CE-9FFD-167864566B08}
	EndGlobalSection
EndGlobal
