
Microsoft Visual Studio Solution File, Format Version 12.00
# Visual Studio Version 17
VisualStudioVersion = 17.4.33110.190
MinimumVisualStudioVersion = 10.0.40219.1
Project("{FAE04EC0-301F-11D3-BF4B-00C04F79EFBC}") = "de5", "de5\de5.csproj", "{A8B13F96-5318-436B-B3B8-B8E182556B12}"
EndProject
Global
	GlobalSection(SolutionConfigurationPlatforms) = preSolution
		Debug|Any CPU = Debug|Any CPU
		Release|Any CPU = Release|Any CPU
	EndGlobalSection
	GlobalSection(ProjectConfigurationPlatforms) = postSolution
		{A8B13F96-5318-436B-B3B8-B8E182556B12}.Debug|Any CPU.ActiveCfg = Debug|Any CPU
		{A8B13F96-5318-436B-B3B8-B8E182556B12}.Debug|Any CPU.Build.0 = Debug|Any CPU
		{A8B13F96-5318-436B-B3B8-B8E182556B12}.Release|Any CPU.ActiveCfg = Release|Any CPU
		{A8B13F96-5318-436B-B3B8-B8E182556B12}.Release|Any CPU.Build.0 = Release|Any CPU
	EndGlobalSection
	GlobalSection(SolutionProperties) = preSolution
		HideSolutionNode = FALSE
	EndGlobalSection
	GlobalSection(ExtensibilityGlobals) = postSolution
		SolutionGuid = {FC960428-3156-4070-9A99-AD3758DB7758}
	EndGlobalSection
EndGlobal
