
Microsoft Visual Studio Solution File, Format Version 12.00
# Visual Studio Version 16
VisualStudioVersion = 16.0.33529.622
MinimumVisualStudioVersion = 10.0.40219.1
Project("{FAE04EC0-301F-11D3-BF4B-00C04F79EFBC}") = "OnTap_1", "OnTap_1.csproj", "{1BD66D03-CF97-4122-BF88-B33B5F48A8AF}"
EndProject
Global
	GlobalSection(SolutionConfigurationPlatforms) = preSolution
		Debug|Any CPU = Debug|Any CPU
		Release|Any CPU = Release|Any CPU
	EndGlobalSection
	GlobalSection(ProjectConfigurationPlatforms) = postSolution
		{1BD66D03-CF97-4122-BF88-B33B5F48A8AF}.Debug|Any CPU.ActiveCfg = Debug|Any CPU
		{1BD66D03-CF97-4122-BF88-B33B5F48A8AF}.Debug|Any CPU.Build.0 = Debug|Any CPU
		{1BD66D03-CF97-4122-BF88-B33B5F48A8AF}.Release|Any CPU.ActiveCfg = Release|Any CPU
		{1BD66D03-CF97-4122-BF88-B33B5F48A8AF}.Release|Any CPU.Build.0 = Release|Any CPU
	EndGlobalSection
	GlobalSection(SolutionProperties) = preSolution
		HideSolutionNode = FALSE
	EndGlobalSection
	GlobalSection(ExtensibilityGlobals) = postSolution
		SolutionGuid = {5377EAD5-0CC7-449F-A0DA-86721817BBF7}
	EndGlobalSection
EndGlobal
