
Microsoft Visual Studio Solution File, Format Version 12.00
# Visual Studio Version 16
VisualStudioVersion = 16.0.33027.164
MinimumVisualStudioVersion = 10.0.40219.1
Project("{FAE04EC0-301F-11D3-BF4B-00C04F79EFBC}") = "ontap", "ontap.csproj", "{FA5BA6DC-B2CA-45C4-9ACF-61A877C600A1}"
EndProject
Global
	GlobalSection(SolutionConfigurationPlatforms) = preSolution
		Debug|Any CPU = Debug|Any CPU
		Release|Any CPU = Release|Any CPU
	EndGlobalSection
	GlobalSection(ProjectConfigurationPlatforms) = postSolution
		{FA5BA6DC-B2CA-45C4-9ACF-61A877C600A1}.Debug|Any CPU.ActiveCfg = Debug|Any CPU
		{FA5BA6DC-B2CA-45C4-9ACF-61A877C600A1}.Debug|Any CPU.Build.0 = Debug|Any CPU
		{FA5BA6DC-B2CA-45C4-9ACF-61A877C600A1}.Release|Any CPU.ActiveCfg = Release|Any CPU
		{FA5BA6DC-B2CA-45C4-9ACF-61A877C600A1}.Release|Any CPU.Build.0 = Release|Any CPU
	EndGlobalSection
	GlobalSection(SolutionProperties) = preSolution
		HideSolutionNode = FALSE
	EndGlobalSection
	GlobalSection(ExtensibilityGlobals) = postSolution
		SolutionGuid = {DF2F2E83-46F0-4C97-9963-D89C4BC5B915}
	EndGlobalSection
EndGlobal
