
Microsoft Visual Studio Solution File, Format Version 12.00
# Visual Studio Version 16
VisualStudioVersion = 16.0.33027.164
MinimumVisualStudioVersion = 10.0.40219.1
Project("{FAE04EC0-301F-11D3-BF4B-00C04F79EFBC}") = "ontapcackieu", "ontapcackieu.csproj", "{2554DAFF-E593-46EF-9405-7610D5B22ED2}"
EndProject
Global
	GlobalSection(SolutionConfigurationPlatforms) = preSolution
		Debug|Any CPU = Debug|Any CPU
		Release|Any CPU = Release|Any CPU
	EndGlobalSection
	GlobalSection(ProjectConfigurationPlatforms) = postSolution
		{2554DAFF-E593-46EF-9405-7610D5B22ED2}.Debug|Any CPU.ActiveCfg = Debug|Any CPU
		{2554DAFF-E593-46EF-9405-7610D5B22ED2}.Debug|Any CPU.Build.0 = Debug|Any CPU
		{2554DAFF-E593-46EF-9405-7610D5B22ED2}.Release|Any CPU.ActiveCfg = Release|Any CPU
		{2554DAFF-E593-46EF-9405-7610D5B22ED2}.Release|Any CPU.Build.0 = Release|Any CPU
	EndGlobalSection
	GlobalSection(SolutionProperties) = preSolution
		HideSolutionNode = FALSE
	EndGlobalSection
	GlobalSection(ExtensibilityGlobals) = postSolution
		SolutionGuid = {BA3C9272-39BC-4934-BADB-801FBE1371D0}
	EndGlobalSection
EndGlobal
