
Microsoft Visual Studio Solution File, Format Version 12.00
# Visual Studio Version 17
VisualStudioVersion = 17.5.33424.131
MinimumVisualStudioVersion = 10.0.40219.1
Project("{FAE04EC0-301F-11D3-BF4B-00C04F79EFBC}") = "TX1_1", "TX1_1\TX1_1.csproj", "{1EF89F43-86D7-45B9-BE2E-FA2773D461C4}"
EndProject
Global
	GlobalSection(SolutionConfigurationPlatforms) = preSolution
		Debug|Any CPU = Debug|Any CPU
		Release|Any CPU = Release|Any CPU
	EndGlobalSection
	GlobalSection(ProjectConfigurationPlatforms) = postSolution
		{1EF89F43-86D7-45B9-BE2E-FA2773D461C4}.Debug|Any CPU.ActiveCfg = Debug|Any CPU
		{1EF89F43-86D7-45B9-BE2E-FA2773D461C4}.Debug|Any CPU.Build.0 = Debug|Any CPU
		{1EF89F43-86D7-45B9-BE2E-FA2773D461C4}.Release|Any CPU.ActiveCfg = Release|Any CPU
		{1EF89F43-86D7-45B9-BE2E-FA2773D461C4}.Release|Any CPU.Build.0 = Release|Any CPU
	EndGlobalSection
	GlobalSection(SolutionProperties) = preSolution
		HideSolutionNode = FALSE
	EndGlobalSection
	GlobalSection(ExtensibilityGlobals) = postSolution
		SolutionGuid = {E8DD7608-4E75-49AA-BE2D-BC859AC60DCE}
	EndGlobalSection
EndGlobal
