
Microsoft Visual Studio Solution File, Format Version 12.00
# Visual Studio Version 17
VisualStudioVersion = 17.5.33424.131
MinimumVisualStudioVersion = 10.0.40219.1
Project("{FAE04EC0-301F-11D3-BF4B-00C04F79EFBC}") = "Example_1", "Example_1\Example_1.csproj", "{96A22733-AFE2-4080-999C-0AC35CA4A4A2}"
EndProject
Global
	GlobalSection(SolutionConfigurationPlatforms) = preSolution
		Debug|Any CPU = Debug|Any CPU
		Release|Any CPU = Release|Any CPU
	EndGlobalSection
	GlobalSection(ProjectConfigurationPlatforms) = postSolution
		{96A22733-AFE2-4080-999C-0AC35CA4A4A2}.Debug|Any CPU.ActiveCfg = Debug|Any CPU
		{96A22733-AFE2-4080-999C-0AC35CA4A4A2}.Debug|Any CPU.Build.0 = Debug|Any CPU
		{96A22733-AFE2-4080-999C-0AC35CA4A4A2}.Release|Any CPU.ActiveCfg = Release|Any CPU
		{96A22733-AFE2-4080-999C-0AC35CA4A4A2}.Release|Any CPU.Build.0 = Release|Any CPU
	EndGlobalSection
	GlobalSection(SolutionProperties) = preSolution
		HideSolutionNode = FALSE
	EndGlobalSection
	GlobalSection(ExtensibilityGlobals) = postSolution
		SolutionGuid = {72507526-C908-48D9-84CA-CA4DF0F0EC9F}
	EndGlobalSection
EndGlobal
