
Microsoft Visual Studio Solution File, Format Version 12.00
# Visual Studio Version 16
VisualStudioVersion = 16.0.33027.164
MinimumVisualStudioVersion = 10.0.40219.1
Project("{FAE04EC0-301F-11D3-BF4B-00C04F79EFBC}") = "ontaptx2", "ontaptx2.csproj", "{CDA47D84-1544-4966-96C6-ADB88D788E03}"
EndProject
Global
	GlobalSection(SolutionConfigurationPlatforms) = preSolution
		Debug|Any CPU = Debug|Any CPU
		Release|Any CPU = Release|Any CPU
	EndGlobalSection
	GlobalSection(ProjectConfigurationPlatforms) = postSolution
		{CDA47D84-1544-4966-96C6-ADB88D788E03}.Debug|Any CPU.ActiveCfg = Debug|Any CPU
		{CDA47D84-1544-4966-96C6-ADB88D788E03}.Debug|Any CPU.Build.0 = Debug|Any CPU
		{CDA47D84-1544-4966-96C6-ADB88D788E03}.Release|Any CPU.ActiveCfg = Release|Any CPU
		{CDA47D84-1544-4966-96C6-ADB88D788E03}.Release|Any CPU.Build.0 = Release|Any CPU
	EndGlobalSection
	GlobalSection(SolutionProperties) = preSolution
		HideSolutionNode = FALSE
	EndGlobalSection
	GlobalSection(ExtensibilityGlobals) = postSolution
		SolutionGuid = {095446BF-88B8-408C-AAE7-B9C4AC9A6572}
	EndGlobalSection
EndGlobal
