
Microsoft Visual Studio Solution File, Format Version 12.00
# Visual Studio Version 17
VisualStudioVersion = 17.5.33502.453
MinimumVisualStudioVersion = 10.0.40219.1
Project("{FAE04EC0-301F-11D3-BF4B-00C04F79EFBC}") = "baitaphuongdanbai5", "baitaphuongdanbai5.csproj", "{DC9C584A-9EFA-444E-AD59-0BC58A44C57A}"
EndProject
Global
	GlobalSection(SolutionConfigurationPlatforms) = preSolution
		Debug|Any CPU = Debug|Any CPU
		Release|Any CPU = Release|Any CPU
	EndGlobalSection
	GlobalSection(ProjectConfigurationPlatforms) = postSolution
		{DC9C584A-9EFA-444E-AD59-0BC58A44C57A}.Debug|Any CPU.ActiveCfg = Debug|Any CPU
		{DC9C584A-9EFA-444E-AD59-0BC58A44C57A}.Debug|Any CPU.Build.0 = Debug|Any CPU
		{DC9C584A-9EFA-444E-AD59-0BC58A44C57A}.Release|Any CPU.ActiveCfg = Release|Any CPU
		{DC9C584A-9EFA-444E-AD59-0BC58A44C57A}.Release|Any CPU.Build.0 = Release|Any CPU
	EndGlobalSection
	GlobalSection(SolutionProperties) = preSolution
		HideSolutionNode = FALSE
	EndGlobalSection
	GlobalSection(ExtensibilityGlobals) = postSolution
		SolutionGuid = {95722344-4A94-4D19-91BD-CF2FC5022BD3}
	EndGlobalSection
EndGlobal
