
Microsoft Visual Studio Solution File, Format Version 12.00
# Visual Studio Version 17
VisualStudioVersion = 17.5.33502.453
MinimumVisualStudioVersion = 10.0.40219.1
Project("{FAE04EC0-301F-11D3-BF4B-00C04F79EFBC}") = "THtuan11", "THtuan11.csproj", "{8E945350-8F92-432E-BCAE-33AA0F402C95}"
EndProject
Global
	GlobalSection(SolutionConfigurationPlatforms) = preSolution
		Debug|Any CPU = Debug|Any CPU
		Release|Any CPU = Release|Any CPU
	EndGlobalSection
	GlobalSection(ProjectConfigurationPlatforms) = postSolution
		{8E945350-8F92-432E-BCAE-33AA0F402C95}.Debug|Any CPU.ActiveCfg = Debug|Any CPU
		{8E945350-8F92-432E-BCAE-33AA0F402C95}.Debug|Any CPU.Build.0 = Debug|Any CPU
		{8E945350-8F92-432E-BCAE-33AA0F402C95}.Release|Any CPU.ActiveCfg = Release|Any CPU
		{8E945350-8F92-432E-BCAE-33AA0F402C95}.Release|Any CPU.Build.0 = Release|Any CPU
	EndGlobalSection
	GlobalSection(SolutionProperties) = preSolution
		HideSolutionNode = FALSE
	EndGlobalSection
	GlobalSection(ExtensibilityGlobals) = postSolution
		SolutionGuid = {32CD815B-BF78-463D-82AE-A705368A8329}
	EndGlobalSection
EndGlobal
